
Microsoft Visual Studio Solution File, Format Version 12.00
# Visual Studio 15
VisualStudioVersion = 15.0.27130.2027
MinimumVisualStudioVersion = 10.0.40219.1
Project("{FAE04EC0-301F-11D3-BF4B-00C04F79EFBC}") = "ArtareaNew", "ArtareaNew\ArtareaNew.csproj", "{8E9160AA-1882-45DA-B00E-99AC9CF45188}"
EndProject
Global
	GlobalSection(SolutionConfigurationPlatforms) = preSolution
		Debug|Any CPU = Debug|Any CPU
		Release|Any CPU = Release|Any CPU
	EndGlobalSection
	GlobalSection(ProjectConfigurationPlatforms) = postSolution
		{8E9160AA-1882-45DA-B00E-99AC9CF45188}.Debug|Any CPU.ActiveCfg = Debug|Any CPU
		{8E9160AA-1882-45DA-B00E-99AC9CF45188}.Debug|Any CPU.Build.0 = Debug|Any CPU
		{8E9160AA-1882-45DA-B00E-99AC9CF45188}.Release|Any CPU.ActiveCfg = Release|Any CPU
		{8E9160AA-1882-45DA-B00E-99AC9CF45188}.Release|Any CPU.Build.0 = Release|Any CPU
	EndGlobalSection
	GlobalSection(SolutionProperties) = preSolution
		HideSolutionNode = FALSE
	EndGlobalSection
	GlobalSection(ExtensibilityGlobals) = postSolution
		SolutionGuid = {B2FB7E4E-2299-48F2-9CFC-BF895A866CF1}
	EndGlobalSection
EndGlobal
